
Microsoft Visual Studio Solution File, Format Version 12.00
# Visual Studio 2012
Project("{FAE04EC0-301F-11D3-BF4B-00C04F79EFBC}") = "MysqlDumper", "MysqlDumper\MysqlDumper.csproj", "{B8D077D9-F039-4E3D-9621-F8834D8E92AD}"
EndProject
Global
	GlobalSection(SolutionConfigurationPlatforms) = preSolution
		Debug|x86 = Debug|x86
		Release|x86 = Release|x86
	EndGlobalSection
	GlobalSection(ProjectConfigurationPlatforms) = postSolution
		{B8D077D9-F039-4E3D-9621-F8834D8E92AD}.Debug|x86.ActiveCfg = Debug|x86
		{B8D077D9-F039-4E3D-9621-F8834D8E92AD}.Debug|x86.Build.0 = Debug|x86
		{B8D077D9-F039-4E3D-9621-F8834D8E92AD}.Release|x86.ActiveCfg = Release|x86
		{B8D077D9-F039-4E3D-9621-F8834D8E92AD}.Release|x86.Build.0 = Release|x86
	EndGlobalSection
EndGlobal
